
Microsoft Visual Studio Solution File, Format Version 12.00
# Visual Studio Version 16
VisualStudioVersion = 16.0.29009.5
MinimumVisualStudioVersion = 10.0.40219.1
Project("{FAE04EC0-301F-11D3-BF4B-00C04F79EFBC}") = "Exercise1", "Exercise1\Exercise1.csproj", "{F8DE5E0F-2B8E-4740-90A7-7AF904B3FBD2}"
EndProject
Project("{FAE04EC0-301F-11D3-BF4B-00C04F79EFBC}") = "Exercise2", "Exercise2\Exercise2.csproj", "{990A7482-573D-4A0D-B51C-3DF2B2196A8A}"
EndProject
Project("{FAE04EC0-301F-11D3-BF4B-00C04F79EFBC}") = "Exercise4", "Exercise4\Exercise4.csproj", "{CCA47F71-40AE-4B2C-98E1-A4433D04FE7A}"
EndProject
Project("{9A19103F-16F7-4668-BE54-9A1E7A4F7556}") = "Exercise3", "Exercise3\Exercise3.csproj", "{ED06228D-B65D-4EA2-8C0D-552479E8E683}"
EndProject
Project("{9A19103F-16F7-4668-BE54-9A1E7A4F7556}") = "Exercise5", "Exercise5\Exercise5.csproj", "{B907ED5C-DBA5-47CC-BC16-79B3BD00A8EA}"
EndProject
Project("{9A19103F-16F7-4668-BE54-9A1E7A4F7556}") = "Exercise6", "Exercise6\Exercise6.csproj", "{F260428A-8CEE-4B19-ADE5-A8A254C491DB}"
EndProject
Project("{9A19103F-16F7-4668-BE54-9A1E7A4F7556}") = "Exercise7", "Exercise7\Exercise7.csproj", "{E3BA0019-0A94-4EAA-B6FE-D30BAED43303}"
EndProject
Project("{9A19103F-16F7-4668-BE54-9A1E7A4F7556}") = "Exercise8", "Exercise8\Exercise8.csproj", "{9DB7843D-8FBB-458B-B2D9-B04DC4CE3A4F}"
EndProject
Project("{FAE04EC0-301F-11D3-BF4B-00C04F79EFBC}") = "Exercise9", "Exercise9\Exercise9.csproj", "{CB941FED-876D-4727-AF3A-09AE4034221E}"
EndProject
Project("{FAE04EC0-301F-11D3-BF4B-00C04F79EFBC}") = "Exercise10", "Exercise10\Exercise10.csproj", "{DEFDD764-2806-45A0-885A-92512A8146D8}"
EndProject
Global
	GlobalSection(SolutionConfigurationPlatforms) = preSolution
		Debug|Any CPU = Debug|Any CPU
		Release|Any CPU = Release|Any CPU
	EndGlobalSection
	GlobalSection(ProjectConfigurationPlatforms) = postSolution
		{F8DE5E0F-2B8E-4740-90A7-7AF904B3FBD2}.Debug|Any CPU.ActiveCfg = Debug|Any CPU
		{F8DE5E0F-2B8E-4740-90A7-7AF904B3FBD2}.Debug|Any CPU.Build.0 = Debug|Any CPU
		{F8DE5E0F-2B8E-4740-90A7-7AF904B3FBD2}.Release|Any CPU.ActiveCfg = Release|Any CPU
		{F8DE5E0F-2B8E-4740-90A7-7AF904B3FBD2}.Release|Any CPU.Build.0 = Release|Any CPU
		{990A7482-573D-4A0D-B51C-3DF2B2196A8A}.Debug|Any CPU.ActiveCfg = Debug|Any CPU
		{990A7482-573D-4A0D-B51C-3DF2B2196A8A}.Debug|Any CPU.Build.0 = Debug|Any CPU
		{990A7482-573D-4A0D-B51C-3DF2B2196A8A}.Release|Any CPU.ActiveCfg = Release|Any CPU
		{990A7482-573D-4A0D-B51C-3DF2B2196A8A}.Release|Any CPU.Build.0 = Release|Any CPU
		{CCA47F71-40AE-4B2C-98E1-A4433D04FE7A}.Debug|Any CPU.ActiveCfg = Debug|Any CPU
		{CCA47F71-40AE-4B2C-98E1-A4433D04FE7A}.Debug|Any CPU.Build.0 = Debug|Any CPU
		{CCA47F71-40AE-4B2C-98E1-A4433D04FE7A}.Release|Any CPU.ActiveCfg = Release|Any CPU
		{CCA47F71-40AE-4B2C-98E1-A4433D04FE7A}.Release|Any CPU.Build.0 = Release|Any CPU
		{ED06228D-B65D-4EA2-8C0D-552479E8E683}.Debug|Any CPU.ActiveCfg = Debug|Any CPU
		{ED06228D-B65D-4EA2-8C0D-552479E8E683}.Debug|Any CPU.Build.0 = Debug|Any CPU
		{ED06228D-B65D-4EA2-8C0D-552479E8E683}.Release|Any CPU.ActiveCfg = Release|Any CPU
		{ED06228D-B65D-4EA2-8C0D-552479E8E683}.Release|Any CPU.Build.0 = Release|Any CPU
		{B907ED5C-DBA5-47CC-BC16-79B3BD00A8EA}.Debug|Any CPU.ActiveCfg = Debug|Any CPU
		{B907ED5C-DBA5-47CC-BC16-79B3BD00A8EA}.Debug|Any CPU.Build.0 = Debug|Any CPU
		{B907ED5C-DBA5-47CC-BC16-79B3BD00A8EA}.Release|Any CPU.ActiveCfg = Release|Any CPU
		{B907ED5C-DBA5-47CC-BC16-79B3BD00A8EA}.Release|Any CPU.Build.0 = Release|Any CPU
		{F260428A-8CEE-4B19-ADE5-A8A254C491DB}.Debug|Any CPU.ActiveCfg = Debug|Any CPU
		{F260428A-8CEE-4B19-ADE5-A8A254C491DB}.Debug|Any CPU.Build.0 = Debug|Any CPU
		{F260428A-8CEE-4B19-ADE5-A8A254C491DB}.Release|Any CPU.ActiveCfg = Release|Any CPU
		{F260428A-8CEE-4B19-ADE5-A8A254C491DB}.Release|Any CPU.Build.0 = Release|Any CPU
		{E3BA0019-0A94-4EAA-B6FE-D30BAED43303}.Debug|Any CPU.ActiveCfg = Debug|Any CPU
		{E3BA0019-0A94-4EAA-B6FE-D30BAED43303}.Debug|Any CPU.Build.0 = Debug|Any CPU
		{E3BA0019-0A94-4EAA-B6FE-D30BAED43303}.Release|Any CPU.ActiveCfg = Release|Any CPU
		{E3BA0019-0A94-4EAA-B6FE-D30BAED43303}.Release|Any CPU.Build.0 = Release|Any CPU
		{9DB7843D-8FBB-458B-B2D9-B04DC4CE3A4F}.Debug|Any CPU.ActiveCfg = Debug|Any CPU
		{9DB7843D-8FBB-458B-B2D9-B04DC4CE3A4F}.Debug|Any CPU.Build.0 = Debug|Any CPU
		{9DB7843D-8FBB-458B-B2D9-B04DC4CE3A4F}.Release|Any CPU.ActiveCfg = Release|Any CPU
		{9DB7843D-8FBB-458B-B2D9-B04DC4CE3A4F}.Release|Any CPU.Build.0 = Release|Any CPU
		{CB941FED-876D-4727-AF3A-09AE4034221E}.Debug|Any CPU.ActiveCfg = Debug|Any CPU
		{CB941FED-876D-4727-AF3A-09AE4034221E}.Debug|Any CPU.Build.0 = Debug|Any CPU
		{CB941FED-876D-4727-AF3A-09AE4034221E}.Release|Any CPU.ActiveCfg = Release|Any CPU
		{CB941FED-876D-4727-AF3A-09AE4034221E}.Release|Any CPU.Build.0 = Release|Any CPU
		{DEFDD764-2806-45A0-885A-92512A8146D8}.Debug|Any CPU.ActiveCfg = Debug|Any CPU
		{DEFDD764-2806-45A0-885A-92512A8146D8}.Debug|Any CPU.Build.0 = Debug|Any CPU
		{DEFDD764-2806-45A0-885A-92512A8146D8}.Release|Any CPU.ActiveCfg = Release|Any CPU
		{DEFDD764-2806-45A0-885A-92512A8146D8}.Release|Any CPU.Build.0 = Release|Any CPU
	EndGlobalSection
	GlobalSection(SolutionProperties) = preSolution
		HideSolutionNode = FALSE
	EndGlobalSection
	GlobalSection(ExtensibilityGlobals) = postSolution
		SolutionGuid = {9E2B805A-E209-4714-AE87-3C7317951F1D}
	EndGlobalSection
EndGlobal
