
Microsoft Visual Studio Solution File, Format Version 12.00
# Visual Studio Version 16
VisualStudioVersion = 16.0.29123.88
MinimumVisualStudioVersion = 10.0.40219.1
Project("{FAE04EC0-301F-11D3-BF4B-00C04F79EFBC}") = "Account", "Account\Account.csproj", "{A78CD5DF-1FF9-4A14-A78F-7AED668C98A4}"
EndProject
Project("{FAE04EC0-301F-11D3-BF4B-00C04F79EFBC}") = "BankAccount", "BankAccount\BankAccount.csproj", "{4A462DDE-D798-4818-BB68-2116834B0035}"
EndProject
Project("{FAE04EC0-301F-11D3-BF4B-00C04F79EFBC}") = "EnergyDrinks", "EnergyDrinks\EnergyDrinks.csproj", "{7FCC007C-DD8E-40D3-9080-690E3A5BCACE}"
EndProject
Project("{FAE04EC0-301F-11D3-BF4B-00C04F79EFBC}") = "FuelConsumptionCalculator", "FuelConsumptionCalculator\FuelConsumptionCalculator.csproj", "{8CFA0561-C4D0-4419-AC65-C90E0AF2C6FC}"
EndProject
Project("{FAE04EC0-301F-11D3-BF4B-00C04F79EFBC}") = "VideoStore", "VideoStore\VideoStore.csproj", "{40352489-4287-4C39-879A-55BB1A9ED983}"
EndProject
Project("{FAE04EC0-301F-11D3-BF4B-00C04F79EFBC}") = "Exercise3", "ConsoleApp1\Exercise3.csproj", "{0B739CC0-A8F3-4FA2-AFB9-4592141DEF9E}"
EndProject
Project("{FAE04EC0-301F-11D3-BF4B-00C04F79EFBC}") = "tictactoe", "tictactoe\tictactoe.csproj", "{4043D09D-3263-45E8-AD12-E9F40BC370A0}"
EndProject
Project("{FAE04EC0-301F-11D3-BF4B-00C04F79EFBC}") = "TaxableExample", "TaxableExample\TaxableExample.csproj", "{B12BD80F-9F42-4167-8054-A635CFAE08F6}"
EndProject
Project("{9A19103F-16F7-4668-BE54-9A1E7A4F7556}") = "Exercise1", "Exercise1\Exercise1.csproj", "{5DE5DBF6-5957-4B21-A97C-BE5505B12BCE}"
EndProject
Project("{9A19103F-16F7-4668-BE54-9A1E7A4F7556}") = "Exercise4", "Exercise4\Exercise4.csproj", "{47B5775D-5D7D-4690-A37B-232047155422}"
EndProject
Project("{9A19103F-16F7-4668-BE54-9A1E7A4F7556}") = "Exercise5", "Exercise5\Exercise5.csproj", "{F14F9E09-FA16-4A0C-A88B-1446C16CFE9B}"
EndProject
Project("{FAE04EC0-301F-11D3-BF4B-00C04F79EFBC}") = "Exercise7", "Exercise8\Exercise7.csproj", "{322C8E97-B2DD-47BD-A68F-1673AB0482FD}"
EndProject
Project("{9A19103F-16F7-4668-BE54-9A1E7A4F7556}") = "Exercise8_SavingsAccount", "Exercise8_SavingsAccount\Exercise8_SavingsAccount.csproj", "{55689900-EF54-4399-B155-A95DFA6C130F}"
EndProject
Project("{9A19103F-16F7-4668-BE54-9A1E7A4F7556}") = "Exercise9", "Exercise9\Exercise9.csproj", "{DFE79917-1BDC-41D2-8F32-68EFFB50B221}"
EndProject
Project("{FAE04EC0-301F-11D3-BF4B-00C04F79EFBC}") = "Exercise1.Tests", "Exercise1.Tests\Exercise1.Tests.csproj", "{6AA02ADA-2D58-43A9-9ED0-F872A6B52664}"
EndProject
Project("{FAE04EC0-301F-11D3-BF4B-00C04F79EFBC}") = "Exercise5.Tests", "Exercise5.Tests\Exercise5.Tests.csproj", "{03E32B1B-4C72-44C7-8FB3-10D63D92EE6E}"
EndProject
Project("{FAE04EC0-301F-11D3-BF4B-00C04F79EFBC}") = "Account.Tests", "Account.Tests\Account.Tests.csproj", "{E2061110-7EBF-4B7E-A206-40DAF87BDFDD}"
EndProject
Global
	GlobalSection(SolutionConfigurationPlatforms) = preSolution
		Debug|Any CPU = Debug|Any CPU
		Release|Any CPU = Release|Any CPU
	EndGlobalSection
	GlobalSection(ProjectConfigurationPlatforms) = postSolution
		{A78CD5DF-1FF9-4A14-A78F-7AED668C98A4}.Debug|Any CPU.ActiveCfg = Debug|Any CPU
		{A78CD5DF-1FF9-4A14-A78F-7AED668C98A4}.Debug|Any CPU.Build.0 = Debug|Any CPU
		{A78CD5DF-1FF9-4A14-A78F-7AED668C98A4}.Release|Any CPU.ActiveCfg = Release|Any CPU
		{A78CD5DF-1FF9-4A14-A78F-7AED668C98A4}.Release|Any CPU.Build.0 = Release|Any CPU
		{4A462DDE-D798-4818-BB68-2116834B0035}.Debug|Any CPU.ActiveCfg = Debug|Any CPU
		{4A462DDE-D798-4818-BB68-2116834B0035}.Debug|Any CPU.Build.0 = Debug|Any CPU
		{4A462DDE-D798-4818-BB68-2116834B0035}.Release|Any CPU.ActiveCfg = Release|Any CPU
		{4A462DDE-D798-4818-BB68-2116834B0035}.Release|Any CPU.Build.0 = Release|Any CPU
		{7FCC007C-DD8E-40D3-9080-690E3A5BCACE}.Debug|Any CPU.ActiveCfg = Debug|Any CPU
		{7FCC007C-DD8E-40D3-9080-690E3A5BCACE}.Debug|Any CPU.Build.0 = Debug|Any CPU
		{7FCC007C-DD8E-40D3-9080-690E3A5BCACE}.Release|Any CPU.ActiveCfg = Release|Any CPU
		{7FCC007C-DD8E-40D3-9080-690E3A5BCACE}.Release|Any CPU.Build.0 = Release|Any CPU
		{8CFA0561-C4D0-4419-AC65-C90E0AF2C6FC}.Debug|Any CPU.ActiveCfg = Debug|Any CPU
		{8CFA0561-C4D0-4419-AC65-C90E0AF2C6FC}.Debug|Any CPU.Build.0 = Debug|Any CPU
		{8CFA0561-C4D0-4419-AC65-C90E0AF2C6FC}.Release|Any CPU.ActiveCfg = Release|Any CPU
		{8CFA0561-C4D0-4419-AC65-C90E0AF2C6FC}.Release|Any CPU.Build.0 = Release|Any CPU
		{40352489-4287-4C39-879A-55BB1A9ED983}.Debug|Any CPU.ActiveCfg = Debug|Any CPU
		{40352489-4287-4C39-879A-55BB1A9ED983}.Debug|Any CPU.Build.0 = Debug|Any CPU
		{40352489-4287-4C39-879A-55BB1A9ED983}.Release|Any CPU.ActiveCfg = Release|Any CPU
		{40352489-4287-4C39-879A-55BB1A9ED983}.Release|Any CPU.Build.0 = Release|Any CPU
		{0B739CC0-A8F3-4FA2-AFB9-4592141DEF9E}.Debug|Any CPU.ActiveCfg = Debug|Any CPU
		{0B739CC0-A8F3-4FA2-AFB9-4592141DEF9E}.Debug|Any CPU.Build.0 = Debug|Any CPU
		{0B739CC0-A8F3-4FA2-AFB9-4592141DEF9E}.Release|Any CPU.ActiveCfg = Release|Any CPU
		{0B739CC0-A8F3-4FA2-AFB9-4592141DEF9E}.Release|Any CPU.Build.0 = Release|Any CPU
		{4043D09D-3263-45E8-AD12-E9F40BC370A0}.Debug|Any CPU.ActiveCfg = Debug|Any CPU
		{4043D09D-3263-45E8-AD12-E9F40BC370A0}.Debug|Any CPU.Build.0 = Debug|Any CPU
		{4043D09D-3263-45E8-AD12-E9F40BC370A0}.Release|Any CPU.ActiveCfg = Release|Any CPU
		{4043D09D-3263-45E8-AD12-E9F40BC370A0}.Release|Any CPU.Build.0 = Release|Any CPU
		{B12BD80F-9F42-4167-8054-A635CFAE08F6}.Debug|Any CPU.ActiveCfg = Debug|Any CPU
		{B12BD80F-9F42-4167-8054-A635CFAE08F6}.Debug|Any CPU.Build.0 = Debug|Any CPU
		{B12BD80F-9F42-4167-8054-A635CFAE08F6}.Release|Any CPU.ActiveCfg = Release|Any CPU
		{B12BD80F-9F42-4167-8054-A635CFAE08F6}.Release|Any CPU.Build.0 = Release|Any CPU
		{5DE5DBF6-5957-4B21-A97C-BE5505B12BCE}.Debug|Any CPU.ActiveCfg = Debug|Any CPU
		{5DE5DBF6-5957-4B21-A97C-BE5505B12BCE}.Debug|Any CPU.Build.0 = Debug|Any CPU
		{5DE5DBF6-5957-4B21-A97C-BE5505B12BCE}.Release|Any CPU.ActiveCfg = Release|Any CPU
		{5DE5DBF6-5957-4B21-A97C-BE5505B12BCE}.Release|Any CPU.Build.0 = Release|Any CPU
		{47B5775D-5D7D-4690-A37B-232047155422}.Debug|Any CPU.ActiveCfg = Debug|Any CPU
		{47B5775D-5D7D-4690-A37B-232047155422}.Debug|Any CPU.Build.0 = Debug|Any CPU
		{47B5775D-5D7D-4690-A37B-232047155422}.Release|Any CPU.ActiveCfg = Release|Any CPU
		{47B5775D-5D7D-4690-A37B-232047155422}.Release|Any CPU.Build.0 = Release|Any CPU
		{F14F9E09-FA16-4A0C-A88B-1446C16CFE9B}.Debug|Any CPU.ActiveCfg = Debug|Any CPU
		{F14F9E09-FA16-4A0C-A88B-1446C16CFE9B}.Debug|Any CPU.Build.0 = Debug|Any CPU
		{F14F9E09-FA16-4A0C-A88B-1446C16CFE9B}.Release|Any CPU.ActiveCfg = Release|Any CPU
		{F14F9E09-FA16-4A0C-A88B-1446C16CFE9B}.Release|Any CPU.Build.0 = Release|Any CPU
		{322C8E97-B2DD-47BD-A68F-1673AB0482FD}.Debug|Any CPU.ActiveCfg = Debug|Any CPU
		{322C8E97-B2DD-47BD-A68F-1673AB0482FD}.Debug|Any CPU.Build.0 = Debug|Any CPU
		{322C8E97-B2DD-47BD-A68F-1673AB0482FD}.Release|Any CPU.ActiveCfg = Release|Any CPU
		{322C8E97-B2DD-47BD-A68F-1673AB0482FD}.Release|Any CPU.Build.0 = Release|Any CPU
		{55689900-EF54-4399-B155-A95DFA6C130F}.Debug|Any CPU.ActiveCfg = Debug|Any CPU
		{55689900-EF54-4399-B155-A95DFA6C130F}.Debug|Any CPU.Build.0 = Debug|Any CPU
		{55689900-EF54-4399-B155-A95DFA6C130F}.Release|Any CPU.ActiveCfg = Release|Any CPU
		{55689900-EF54-4399-B155-A95DFA6C130F}.Release|Any CPU.Build.0 = Release|Any CPU
		{DFE79917-1BDC-41D2-8F32-68EFFB50B221}.Debug|Any CPU.ActiveCfg = Debug|Any CPU
		{DFE79917-1BDC-41D2-8F32-68EFFB50B221}.Debug|Any CPU.Build.0 = Debug|Any CPU
		{DFE79917-1BDC-41D2-8F32-68EFFB50B221}.Release|Any CPU.ActiveCfg = Release|Any CPU
		{DFE79917-1BDC-41D2-8F32-68EFFB50B221}.Release|Any CPU.Build.0 = Release|Any CPU
		{6AA02ADA-2D58-43A9-9ED0-F872A6B52664}.Debug|Any CPU.ActiveCfg = Debug|Any CPU
		{6AA02ADA-2D58-43A9-9ED0-F872A6B52664}.Debug|Any CPU.Build.0 = Debug|Any CPU
		{6AA02ADA-2D58-43A9-9ED0-F872A6B52664}.Release|Any CPU.ActiveCfg = Release|Any CPU
		{6AA02ADA-2D58-43A9-9ED0-F872A6B52664}.Release|Any CPU.Build.0 = Release|Any CPU
		{03E32B1B-4C72-44C7-8FB3-10D63D92EE6E}.Debug|Any CPU.ActiveCfg = Debug|Any CPU
		{03E32B1B-4C72-44C7-8FB3-10D63D92EE6E}.Debug|Any CPU.Build.0 = Debug|Any CPU
		{03E32B1B-4C72-44C7-8FB3-10D63D92EE6E}.Release|Any CPU.ActiveCfg = Release|Any CPU
		{03E32B1B-4C72-44C7-8FB3-10D63D92EE6E}.Release|Any CPU.Build.0 = Release|Any CPU
		{E2061110-7EBF-4B7E-A206-40DAF87BDFDD}.Debug|Any CPU.ActiveCfg = Debug|Any CPU
		{E2061110-7EBF-4B7E-A206-40DAF87BDFDD}.Debug|Any CPU.Build.0 = Debug|Any CPU
		{E2061110-7EBF-4B7E-A206-40DAF87BDFDD}.Release|Any CPU.ActiveCfg = Release|Any CPU
		{E2061110-7EBF-4B7E-A206-40DAF87BDFDD}.Release|Any CPU.Build.0 = Release|Any CPU
	EndGlobalSection
	GlobalSection(SolutionProperties) = preSolution
		HideSolutionNode = FALSE
	EndGlobalSection
	GlobalSection(ExtensibilityGlobals) = postSolution
		SolutionGuid = {57C5E787-AAEA-41CC-BD12-4A66023D0568}
	EndGlobalSection
EndGlobal
