
Microsoft Visual Studio Solution File, Format Version 12.00
# Visual Studio Version 16
VisualStudioVersion = 16.0.31424.327
MinimumVisualStudioVersion = 10.0.40219.1
Project("{9A19103F-16F7-4668-BE54-9A1E7A4F7556}") = "Hierarchy", "Hierarchy.csproj", "{CBA43821-7918-4810-A4C4-D3499CB4B9F4}"
EndProject
Global
	GlobalSection(SolutionConfigurationPlatforms) = preSolution
		Debug|Any CPU = Debug|Any CPU
		Release|Any CPU = Release|Any CPU
	EndGlobalSection
	GlobalSection(ProjectConfigurationPlatforms) = postSolution
		{CBA43821-7918-4810-A4C4-D3499CB4B9F4}.Debug|Any CPU.ActiveCfg = Debug|Any CPU
		{CBA43821-7918-4810-A4C4-D3499CB4B9F4}.Debug|Any CPU.Build.0 = Debug|Any CPU
		{CBA43821-7918-4810-A4C4-D3499CB4B9F4}.Release|Any CPU.ActiveCfg = Release|Any CPU
		{CBA43821-7918-4810-A4C4-D3499CB4B9F4}.Release|Any CPU.Build.0 = Release|Any CPU
	EndGlobalSection
	GlobalSection(SolutionProperties) = preSolution
		HideSolutionNode = FALSE
	EndGlobalSection
	GlobalSection(ExtensibilityGlobals) = postSolution
		SolutionGuid = {4C957E93-5935-4120-A308-8306C3CAB4BD}
	EndGlobalSection
EndGlobal
