
Microsoft Visual Studio Solution File, Format Version 12.00
# Visual Studio Version 16
VisualStudioVersion = 16.0.31424.327
MinimumVisualStudioVersion = 10.0.40219.1
Project("{9A19103F-16F7-4668-BE54-9A1E7A4F7556}") = "DragRace", "DragRace.csproj", "{27C335A6-E8D3-42CB-8520-186372EA0316}"
EndProject
Project("{FAE04EC0-301F-11D3-BF4B-00C04F79EFBC}") = "DragRace.Tests", "..\DragRace.Tests\DragRace.Tests.csproj", "{F134BC69-D3A1-41A1-BCD3-C9AC8DDB4E2E}"
EndProject
Global
	GlobalSection(SolutionConfigurationPlatforms) = preSolution
		Debug|Any CPU = Debug|Any CPU
		Release|Any CPU = Release|Any CPU
	EndGlobalSection
	GlobalSection(ProjectConfigurationPlatforms) = postSolution
		{27C335A6-E8D3-42CB-8520-186372EA0316}.Debug|Any CPU.ActiveCfg = Debug|Any CPU
		{27C335A6-E8D3-42CB-8520-186372EA0316}.Debug|Any CPU.Build.0 = Debug|Any CPU
		{27C335A6-E8D3-42CB-8520-186372EA0316}.Release|Any CPU.ActiveCfg = Release|Any CPU
		{27C335A6-E8D3-42CB-8520-186372EA0316}.Release|Any CPU.Build.0 = Release|Any CPU
		{F134BC69-D3A1-41A1-BCD3-C9AC8DDB4E2E}.Debug|Any CPU.ActiveCfg = Debug|Any CPU
		{F134BC69-D3A1-41A1-BCD3-C9AC8DDB4E2E}.Debug|Any CPU.Build.0 = Debug|Any CPU
		{F134BC69-D3A1-41A1-BCD3-C9AC8DDB4E2E}.Release|Any CPU.ActiveCfg = Release|Any CPU
		{F134BC69-D3A1-41A1-BCD3-C9AC8DDB4E2E}.Release|Any CPU.Build.0 = Release|Any CPU
	EndGlobalSection
	GlobalSection(SolutionProperties) = preSolution
		HideSolutionNode = FALSE
	EndGlobalSection
	GlobalSection(ExtensibilityGlobals) = postSolution
		SolutionGuid = {607F9826-F38E-488C-B660-0CB6B498E016}
	EndGlobalSection
EndGlobal
